altgraph==0.17.5
packaging==26.3
pefile==2024.8.26
pillow==12.3.0
psutil==7.2.2
pyinstaller==6.22.3
pyinstaller-hooks-contrib==2026.7
pywin32-ctypes==0.2.3
setuptools==84.0.0
tesserocr @ https://github.com/simonflueckiger/tesserocr-windows_build/releases/download/tesserocr-v2.10.0-tesseract-5.5.2/tesserocr-2.10.0-cp312-cp312-win_amd64.whl#sha256=e05d41a2b0e6f38f3a5195d05a73674d72152a775d1b8ebe481ca9306f94d27a
